
Microsoft Visual Studio Solution File, Format Version 12.00
# Visual Studio Version 17
VisualStudioVersion = 17.8.34309.116
MinimumVisualStudioVersion = 10.0.40219.1
Project("{FAE04EC0-301F-11D3-BF4B-00C04F79EFBC}") = "TaskAppl", "TaskAppl\TaskAppl.csproj", "{D01CC3B4-6555-4735-9099-964130A31327}"
EndProject
Project("{FAE04EC0-301F-11D3-BF4B-00C04F79EFBC}") = "TaskAppl.Shared", "TaskAppl.Shared\TaskAppl.Shared.csproj", "{F6F78282-324A-4F08-B393-0F3D5B7FD3F8}"
EndProject
Project("{FAE04EC0-301F-11D3-BF4B-00C04F79EFBC}") = "TaskAppl.DataAccess", "TaskAppl.DataAccess\TaskAppl.DataAccess.csproj", "{5744FAF1-209B-4EF7-96DD-F3F4AEDC8047}"
EndProject
Global
	GlobalSection(SolutionConfigurationPlatforms) = preSolution
		Debug|Any CPU = Debug|Any CPU
		Release|Any CPU = Release|Any CPU
	EndGlobalSection
	GlobalSection(ProjectConfigurationPlatforms) = postSolution
		{D01CC3B4-6555-4735-9099-964130A31327}.Debug|Any CPU.ActiveCfg = Debug|Any CPU
		{D01CC3B4-6555-4735-9099-964130A31327}.Debug|Any CPU.Build.0 = Debug|Any CPU
		{D01CC3B4-6555-4735-9099-964130A31327}.Release|Any CPU.ActiveCfg = Release|Any CPU
		{D01CC3B4-6555-4735-9099-964130A31327}.Release|Any CPU.Build.0 = Release|Any CPU
		{F6F78282-324A-4F08-B393-0F3D5B7FD3F8}.Debug|Any CPU.ActiveCfg = Debug|Any CPU
		{F6F78282-324A-4F08-B393-0F3D5B7FD3F8}.Debug|Any CPU.Build.0 = Debug|Any CPU
		{F6F78282-324A-4F08-B393-0F3D5B7FD3F8}.Release|Any CPU.ActiveCfg = Release|Any CPU
		{F6F78282-324A-4F08-B393-0F3D5B7FD3F8}.Release|Any CPU.Build.0 = Release|Any CPU
		{5744FAF1-209B-4EF7-96DD-F3F4AEDC8047}.Debug|Any CPU.ActiveCfg = Debug|Any CPU
		{5744FAF1-209B-4EF7-96DD-F3F4AEDC8047}.Debug|Any CPU.Build.0 = Debug|Any CPU
		{5744FAF1-209B-4EF7-96DD-F3F4AEDC8047}.Release|Any CPU.ActiveCfg = Release|Any CPU
		{5744FAF1-209B-4EF7-96DD-F3F4AEDC8047}.Release|Any CPU.Build.0 = Release|Any CPU
	EndGlobalSection
	GlobalSection(SolutionProperties) = preSolution
		HideSolutionNode = FALSE
	EndGlobalSection
	GlobalSection(ExtensibilityGlobals) = postSolution
		SolutionGuid = {C0A23817-5F5D-4ED9-88ED-7E45AAC3B412}
	EndGlobalSection
EndGlobal
